// !$*UTF8*$!
{
	archiveVersion = 1;
	classes = {
	};
	objectVersion = 50;
	objects = {

/* Begin PBXBuildFile section */
		B915CDCF23F0EAAD00F7AED1 /* AppDelegate.swift in Sources */ = {isa = PBXBuildFile; fileRef = B915CDCE23F0EAAD00F7AED1 /* AppDelegate.swift */; };
		B915CDD123F0EAAD00F7AED1 /* SceneDelegate.swift in Sources */ = {isa = PBXBuildFile; fileRef = B915CDD023F0EAAD00F7AED1 /* SceneDelegate.swift */; };
		B915CDD423F0EAAD00F7AED1 /* PetAdoptSampleApp.xcdatamodeld in Sources */ = {isa = PBXBuildFile; fileRef = B915CDD223F0EAAD00F7AED1 /* PetAdoptSampleApp.xcdatamodeld */; };
		B915CDD623F0EAAD00F7AED1 /* ContentView.swift in Sources */ = {isa = PBXBuildFile; fileRef = B915CDD523F0EAAD00F7AED1 /* ContentView.swift */; };
		B915CDD823F0EAB200F7AED1 /* Assets.xcassets in Resources */ = {isa = PBXBuildFile; fileRef = B915CDD723F0EAB200F7AED1 /* Assets.xcassets */; };
		B915CDDB23F0EAB200F7AED1 /* Preview Assets.xcassets in Resources */ = {isa = PBXBuildFile; fileRef = B915CDDA23F0EAB200F7AED1 /* Preview Assets.xcassets */; };
		B915CDDE23F0EAB200F7AED1 /* LaunchScreen.storyboard in Resources */ = {isa = PBXBuildFile; fileRef = B915CDDC23F0EAB200F7AED1 /* LaunchScreen.storyboard */; };
		B915CDE923F0EAB300F7AED1 /* PetAdoptSampleAppTests.swift in Sources */ = {isa = PBXBuildFile; fileRef = B915CDE823F0EAB300F7AED1 /* PetAdoptSampleAppTests.swift */; };
		B915CDF423F0EAB300F7AED1 /* PetAdoptSampleAppUITests.swift in Sources */ = {isa = PBXBuildFile; fileRef = B915CDF323F0EAB300F7AED1 /* PetAdoptSampleAppUITests.swift */; };
		B929573A23F0F87F008F4FE4 /* FavoritePetsView.swift in Sources */ = {isa = PBXBuildFile; fileRef = B929573923F0F87F008F4FE4 /* FavoritePetsView.swift */; };
		B999C4F523F75AED0077465F /* PetFinderAPI.swift in Sources */ = {isa = PBXBuildFile; fileRef = B999C4F423F75AED0077465F /* PetFinderAPI.swift */; };
		B999C4F923F760450077465F /* GetAnimalsResponse.swift in Sources */ = {isa = PBXBuildFile; fileRef = B999C4F823F760450077465F /* GetAnimalsResponse.swift */; };
		B999C4FB23F89A6D0077465F /* PetFinderError.swift in Sources */ = {isa = PBXBuildFile; fileRef = B999C4FA23F89A6D0077465F /* PetFinderError.swift */; };
		B999C4FE23F89EE60077465F /* Parsing.swift in Sources */ = {isa = PBXBuildFile; fileRef = B999C4FD23F89EE60077465F /* Parsing.swift */; };
		B999C50023FAF9DB0077465F /* PetSearchViewModel.swift in Sources */ = {isa = PBXBuildFile; fileRef = B999C4FF23FAF9DB0077465F /* PetSearchViewModel.swift */; };
		B999C50223FB24DD0077465F /* AnimalRowViewModel.swift in Sources */ = {isa = PBXBuildFile; fileRef = B999C50123FB24DD0077465F /* AnimalRowViewModel.swift */; };
		B9BDAED2265DE35600E97173 /* AnimalPreviewRow.swift in Sources */ = {isa = PBXBuildFile; fileRef = B9BDAED1265DE35600E97173 /* AnimalPreviewRow.swift */; };
		B9BDAED4265DE36200E97173 /* ImageView.swift in Sources */ = {isa = PBXBuildFile; fileRef = B9BDAED3265DE36200E97173 /* ImageView.swift */; };
		B9BDAED8265DE3F100E97173 /* PetSearchView.swift in Sources */ = {isa = PBXBuildFile; fileRef = B9BDAED7265DE3F100E97173 /* PetSearchView.swift */; };
		B9BDAEDA265DE40800E97173 /* ImageLoader.swift in Sources */ = {isa = PBXBuildFile; fileRef = B9BDAED9265DE40800E97173 /* ImageLoader.swift */; };
/* End PBXBuildFile section */

/* Begin PBXContainerItemProxy section */
		B915CDE523F0EAB300F7AED1 /* PBXContainerItemProxy */ = {
			isa = PBXContainerItemProxy;
			containerPortal = B915CDC323F0EAAD00F7AED1 /* Project object */;
			proxyType = 1;
			remoteGlobalIDString = B915CDCA23F0EAAD00F7AED1;
			remoteInfo = PetfinderSampleApp;
		};
		B915CDF023F0EAB300F7AED1 /* PBXContainerItemProxy */ = {
			isa = PBXContainerItemProxy;
			containerPortal = B915CDC323F0EAAD00F7AED1 /* Project object */;
			proxyType = 1;
			remoteGlobalIDString = B915CDCA23F0EAAD00F7AED1;
			remoteInfo = PetfinderSampleApp;
		};
/* End PBXContainerItemProxy section */

/* Begin PBXFileReference section */
		B915CDCB23F0EAAD00F7AED1 /* PetAdoptSampleApp.app */ = {isa = PBXFileReference; explicitFileType = wrapper.application; includeInIndex = 0; path = PetAdoptSampleApp.app; sourceTree = BUILT_PRODUCTS_DIR; };
		B915CDCE23F0EAAD00F7AED1 /* AppDelegate.swift */ = {isa = PBXFileReference; lastKnownFileType = sourcecode.swift; path = AppDelegate.swift; sourceTree = "<group>"; };
		B915CDD023F0EAAD00F7AED1 /* SceneDelegate.swift */ = {isa = PBXFileReference; lastKnownFileType = sourcecode.swift; path = SceneDelegate.swift; sourceTree = "<group>"; };
		B915CDD323F0EAAD00F7AED1 /* PetfinderSampleApp.xcdatamodel */ = {isa = PBXFileReference; lastKnownFileType = wrapper.xcdatamodel; path = PetfinderSampleApp.xcdatamodel; sourceTree = "<group>"; };
		B915CDD523F0EAAD00F7AED1 /* ContentView.swift */ = {isa = PBXFileReference; lastKnownFileType = sourcecode.swift; path = ContentView.swift; sourceTree = "<group>"; };
		B915CDD723F0EAB200F7AED1 /* Assets.xcassets */ = {isa = PBXFileReference; lastKnownFileType = folder.assetcatalog; path = Assets.xcassets; sourceTree = "<group>"; };
		B915CDDA23F0EAB200F7AED1 /* Preview Assets.xcassets */ = {isa = PBXFileReference; lastKnownFileType = folder.assetcatalog; path = "Preview Assets.xcassets"; sourceTree = "<group>"; };
		B915CDDD23F0EAB200F7AED1 /* Base */ = {isa = PBXFileReference; lastKnownFileType = file.storyboard; name = Base; path = Base.lproj/LaunchScreen.storyboard; sourceTree = "<group>"; };
		B915CDDF23F0EAB200F7AED1 /* Info.plist */ = {isa = PBXFileReference; lastKnownFileType = text.plist.xml; path = Info.plist; sourceTree = "<group>"; };
		B915CDE423F0EAB300F7AED1 /* PetAdoptSampleAppTests.xctest */ = {isa = PBXFileReference; explicitFileType = wrapper.cfbundle; includeInIndex = 0; path = PetAdoptSampleAppTests.xctest; sourceTree = BUILT_PRODUCTS_DIR; };
		B915CDE823F0EAB300F7AED1 /* PetAdoptSampleAppTests.swift */ = {isa = PBXFileReference; lastKnownFileType = sourcecode.swift; path = PetAdoptSampleAppTests.swift; sourceTree = "<group>"; };
		B915CDEA23F0EAB300F7AED1 /* Info.plist */ = {isa = PBXFileReference; lastKnownFileType = text.plist.xml; path = Info.plist; sourceTree = "<group>"; };
		B915CDEF23F0EAB300F7AED1 /* PetAdoptSampleAppUITests.xctest */ = {isa = PBXFileReference; explicitFileType = wrapper.cfbundle; includeInIndex = 0; path = PetAdoptSampleAppUITests.xctest; sourceTree = BUILT_PRODUCTS_DIR; };
		B915CDF323F0EAB300F7AED1 /* PetAdoptSampleAppUITests.swift */ = {isa = PBXFileReference; lastKnownFileType = sourcecode.swift; path = PetAdoptSampleAppUITests.swift; sourceTree = "<group>"; };
		B915CDF523F0EAB300F7AED1 /* Info.plist */ = {isa = PBXFileReference; lastKnownFileType = text.plist.xml; path = Info.plist; sourceTree = "<group>"; };
		B929573923F0F87F008F4FE4 /* FavoritePetsView.swift */ = {isa = PBXFileReference; lastKnownFileType = sourcecode.swift; path = FavoritePetsView.swift; sourceTree = "<group>"; };
		B999C4F423F75AED0077465F /* PetFinderAPI.swift */ = {isa = PBXFileReference; lastKnownFileType = sourcecode.swift; path = PetFinderAPI.swift; sourceTree = SOURCE_ROOT; };
		B999C4F823F760450077465F /* GetAnimalsResponse.swift */ = {isa = PBXFileReference; lastKnownFileType = sourcecode.swift; path = GetAnimalsResponse.swift; sourceTree = SOURCE_ROOT; };
		B999C4FA23F89A6D0077465F /* PetFinderError.swift */ = {isa = PBXFileReference; lastKnownFileType = sourcecode.swift; path = PetFinderError.swift; sourceTree = SOURCE_ROOT; };
		B999C4FD23F89EE60077465F /* Parsing.swift */ = {isa = PBXFileReference; lastKnownFileType = sourcecode.swift; path = Parsing.swift; sourceTree = SOURCE_ROOT; };
		B999C4FF23FAF9DB0077465F /* PetSearchViewModel.swift */ = {isa = PBXFileReference; lastKnownFileType = sourcecode.swift; path = PetSearchViewModel.swift; sourceTree = "<group>"; };
		B999C50123FB24DD0077465F /* AnimalRowViewModel.swift */ = {isa = PBXFileReference; lastKnownFileType = sourcecode.swift; path = AnimalRowViewModel.swift; sourceTree = "<group>"; };
		B9BDAED1265DE35600E97173 /* AnimalPreviewRow.swift */ = {isa = PBXFileReference; fileEncoding = 4; lastKnownFileType = sourcecode.swift; name = AnimalPreviewRow.swift; path = PetAdoptSampleApp/PetSearch/AnimalPreviewRow.swift; sourceTree = SOURCE_ROOT; };
		B9BDAED3265DE36200E97173 /* ImageView.swift */ = {isa = PBXFileReference; fileEncoding = 4; lastKnownFileType = sourcecode.swift; name = ImageView.swift; path = PetAdoptSampleApp/PetSearch/ImageView.swift; sourceTree = SOURCE_ROOT; };
		B9BDAED7265DE3F100E97173 /* PetSearchView.swift */ = {isa = PBXFileReference; fileEncoding = 4; lastKnownFileType = sourcecode.swift; path = PetSearchView.swift; sourceTree = "<group>"; };
		B9BDAED9265DE40800E97173 /* ImageLoader.swift */ = {isa = PBXFileReference; fileEncoding = 4; lastKnownFileType = sourcecode.swift; name = ImageLoader.swift; path = PetAdoptSampleApp/PetSearch/ImageLoader.swift; sourceTree = SOURCE_ROOT; };
/* End PBXFileReference section */

/* Begin PBXFrameworksBuildPhase section */
		B915CDC823F0EAAD00F7AED1 /* Frameworks */ = {
			isa = PBXFrameworksBuildPhase;
			buildActionMask = 2147483647;
			files = (
			);
			runOnlyForDeploymentPostprocessing = 0;
		};
		B915CDE123F0EAB300F7AED1 /* Frameworks */ = {
			isa = PBXFrameworksBuildPhase;
			buildActionMask = 2147483647;
			files = (
			);
			runOnlyForDeploymentPostprocessing = 0;
		};
		B915CDEC23F0EAB300F7AED1 /* Frameworks */ = {
			isa = PBXFrameworksBuildPhase;
			buildActionMask = 2147483647;
			files = (
			);
			runOnlyForDeploymentPostprocessing = 0;
		};
/* End PBXFrameworksBuildPhase section */

/* Begin PBXGroup section */
		B915CDC223F0EAAD00F7AED1 = {
			isa = PBXGroup;
			children = (
				B915CDCD23F0EAAD00F7AED1 /* PetAdoptSampleApp */,
				B915CDE723F0EAB300F7AED1 /* PetAdoptSampleAppTests */,
				B915CDF223F0EAB300F7AED1 /* PetAdoptSampleAppUITests */,
				B915CDCC23F0EAAD00F7AED1 /* Products */,
			);
			sourceTree = "<group>";
		};
		B915CDCC23F0EAAD00F7AED1 /* Products */ = {
			isa = PBXGroup;
			children = (
				B915CDCB23F0EAAD00F7AED1 /* PetAdoptSampleApp.app */,
				B915CDE423F0EAB300F7AED1 /* PetAdoptSampleAppTests.xctest */,
				B915CDEF23F0EAB300F7AED1 /* PetAdoptSampleAppUITests.xctest */,
			);
			name = Products;
			sourceTree = "<group>";
		};
		B915CDCD23F0EAAD00F7AED1 /* PetAdoptSampleApp */ = {
			isa = PBXGroup;
			children = (
				B999C50923FB387D0077465F /* Common */,
				B929573623F0F7CF008F4FE4 /* Favorites */,
				B929573323F0F73B008F4FE4 /* PetSearch */,
				B999C4F323F75AC80077465F /* Networking */,
				B915CDCE23F0EAAD00F7AED1 /* AppDelegate.swift */,
				B915CDD023F0EAAD00F7AED1 /* SceneDelegate.swift */,
				B915CDD523F0EAAD00F7AED1 /* ContentView.swift */,
				B915CDDC23F0EAB200F7AED1 /* LaunchScreen.storyboard */,
				B929573D23F0F8E0008F4FE4 /* Supporting Files */,
			);
			path = PetAdoptSampleApp;
			sourceTree = "<group>";
		};
		B915CDD923F0EAB200F7AED1 /* Preview Content */ = {
			isa = PBXGroup;
			children = (
				B915CDDA23F0EAB200F7AED1 /* Preview Assets.xcassets */,
			);
			path = "Preview Content";
			sourceTree = "<group>";
		};
		B915CDE723F0EAB300F7AED1 /* PetAdoptSampleAppTests */ = {
			isa = PBXGroup;
			children = (
				B915CDE823F0EAB300F7AED1 /* PetAdoptSampleAppTests.swift */,
				B915CDEA23F0EAB300F7AED1 /* Info.plist */,
			);
			path = PetAdoptSampleAppTests;
			sourceTree = "<group>";
		};
		B915CDF223F0EAB300F7AED1 /* PetAdoptSampleAppUITests */ = {
			isa = PBXGroup;
			children = (
				B915CDF323F0EAB300F7AED1 /* PetAdoptSampleAppUITests.swift */,
				B915CDF523F0EAB300F7AED1 /* Info.plist */,
			);
			path = PetAdoptSampleAppUITests;
			sourceTree = "<group>";
		};
		B929573323F0F73B008F4FE4 /* PetSearch */ = {
			isa = PBXGroup;
			children = (
				B999C50623FB37340077465F /* Views */,
				B999C4FF23FAF9DB0077465F /* PetSearchViewModel.swift */,
				B999C50123FB24DD0077465F /* AnimalRowViewModel.swift */,
			);
			path = PetSearch;
			sourceTree = "<group>";
		};
		B929573623F0F7CF008F4FE4 /* Favorites */ = {
			isa = PBXGroup;
			children = (
				B929573923F0F87F008F4FE4 /* FavoritePetsView.swift */,
			);
			path = Favorites;
			sourceTree = "<group>";
		};
		B929573D23F0F8E0008F4FE4 /* Supporting Files */ = {
			isa = PBXGroup;
			children = (
				B915CDD223F0EAAD00F7AED1 /* PetAdoptSampleApp.xcdatamodeld */,
				B915CDDF23F0EAB200F7AED1 /* Info.plist */,
				B915CDD723F0EAB200F7AED1 /* Assets.xcassets */,
				B915CDD923F0EAB200F7AED1 /* Preview Content */,
			);
			name = "Supporting Files";
			sourceTree = "<group>";
		};
		B999C4F323F75AC80077465F /* Networking */ = {
			isa = PBXGroup;
			children = (
				B999C4FC23F89EC50077465F /* Utilities */,
				B999C4F723F760120077465F /* Errors */,
				B999C4F623F760060077465F /* Responses */,
				B999C4F423F75AED0077465F /* PetFinderAPI.swift */,
				B9BDAED9265DE40800E97173 /* ImageLoader.swift */,
			);
			path = Networking;
			sourceTree = "<group>";
		};
		B999C4F623F760060077465F /* Responses */ = {
			isa = PBXGroup;
			children = (
				B999C4F823F760450077465F /* GetAnimalsResponse.swift */,
			);
			path = Responses;
			sourceTree = "<group>";
		};
		B999C4F723F760120077465F /* Errors */ = {
			isa = PBXGroup;
			children = (
				B999C4FA23F89A6D0077465F /* PetFinderError.swift */,
			);
			path = Errors;
			sourceTree = "<group>";
		};
		B999C4FC23F89EC50077465F /* Utilities */ = {
			isa = PBXGroup;
			children = (
				B999C4FD23F89EE60077465F /* Parsing.swift */,
			);
			path = Utilities;
			sourceTree = "<group>";
		};
		B999C50623FB37340077465F /* Views */ = {
			isa = PBXGroup;
			children = (
				B9BDAED7265DE3F100E97173 /* PetSearchView.swift */,
				B9BDAED1265DE35600E97173 /* AnimalPreviewRow.swift */,
			);
			path = Views;
			sourceTree = "<group>";
		};
		B999C50923FB387D0077465F /* Common */ = {
			isa = PBXGroup;
			children = (
				B999C50A23FB38820077465F /* Views */,
			);
			path = Common;
			sourceTree = "<group>";
		};
		B999C50A23FB38820077465F /* Views */ = {
			isa = PBXGroup;
			children = (
				B9BDAED3265DE36200E97173 /* ImageView.swift */,
			);
			path = Views;
			sourceTree = "<group>";
		};
/* End PBXGroup section */

/* Begin PBXNativeTarget section */
		B915CDCA23F0EAAD00F7AED1 /* PetAdoptSampleApp */ = {
			isa = PBXNativeTarget;
			buildConfigurationList = B915CDF823F0EAB300F7AED1 /* Build configuration list for PBXNativeTarget "PetAdoptSampleApp" */;
			buildPhases = (
				B915CDC723F0EAAD00F7AED1 /* Sources */,
				B915CDC823F0EAAD00F7AED1 /* Frameworks */,
				B915CDC923F0EAAD00F7AED1 /* Resources */,
				B929573123F0ED75008F4FE4 /* ShellScript */,
			);
			buildRules = (
			);
			dependencies = (
			);
			name = PetAdoptSampleApp;
			productName = PetfinderSampleApp;
			productReference = B915CDCB23F0EAAD00F7AED1 /* PetAdoptSampleApp.app */;
			productType = "com.apple.product-type.application";
		};
		B915CDE323F0EAB300F7AED1 /* PetAdoptSampleAppTests */ = {
			isa = PBXNativeTarget;
			buildConfigurationList = B915CDFB23F0EAB300F7AED1 /* Build configuration list for PBXNativeTarget "PetAdoptSampleAppTests" */;
			buildPhases = (
				B915CDE023F0EAB300F7AED1 /* Sources */,
				B915CDE123F0EAB300F7AED1 /* Frameworks */,
				B915CDE223F0EAB300F7AED1 /* Resources */,
			);
			buildRules = (
			);
			dependencies = (
				B915CDE623F0EAB300F7AED1 /* PBXTargetDependency */,
			);
			name = PetAdoptSampleAppTests;
			productName = PetfinderSampleAppTests;
			productReference = B915CDE423F0EAB300F7AED1 /* PetAdoptSampleAppTests.xctest */;
			productType = "com.apple.product-type.bundle.unit-test";
		};
		B915CDEE23F0EAB300F7AED1 /* PetAdoptSampleAppUITests */ = {
			isa = PBXNativeTarget;
			buildConfigurationList = B915CDFE23F0EAB300F7AED1 /* Build configuration list for PBXNativeTarget "PetAdoptSampleAppUITests" */;
			buildPhases = (
				B915CDEB23F0EAB300F7AED1 /* Sources */,
				B915CDEC23F0EAB300F7AED1 /* Frameworks */,
				B915CDED23F0EAB300F7AED1 /* Resources */,
			);
			buildRules = (
			);
			dependencies = (
				B915CDF123F0EAB300F7AED1 /* PBXTargetDependency */,
			);
			name = PetAdoptSampleAppUITests;
			productName = PetfinderSampleAppUITests;
			productReference = B915CDEF23F0EAB300F7AED1 /* PetAdoptSampleAppUITests.xctest */;
			productType = "com.apple.product-type.bundle.ui-testing";
		};
/* End PBXNativeTarget section */

/* Begin PBXProject section */
		B915CDC323F0EAAD00F7AED1 /* Project object */ = {
			isa = PBXProject;
			attributes = {
				LastSwiftUpdateCheck = 1130;
				LastUpgradeCheck = 1130;
				ORGANIZATIONNAME = laurenyew;
				TargetAttributes = {
					B915CDCA23F0EAAD00F7AED1 = {
						CreatedOnToolsVersion = 11.3.1;
					};
					B915CDE323F0EAB300F7AED1 = {
						CreatedOnToolsVersion = 11.3.1;
						TestTargetID = B915CDCA23F0EAAD00F7AED1;
					};
					B915CDEE23F0EAB300F7AED1 = {
						CreatedOnToolsVersion = 11.3.1;
						TestTargetID = B915CDCA23F0EAAD00F7AED1;
					};
				};
			};
			buildConfigurationList = B915CDC623F0EAAD00F7AED1 /* Build configuration list for PBXProject "PetAdoptSampleApp" */;
			compatibilityVersion = "Xcode 9.3";
			developmentRegion = en;
			hasScannedForEncodings = 0;
			knownRegions = (
				en,
				Base,
			);
			mainGroup = B915CDC223F0EAAD00F7AED1;
			productRefGroup = B915CDCC23F0EAAD00F7AED1 /* Products */;
			projectDirPath = "";
			projectRoot = "";
			targets = (
				B915CDCA23F0EAAD00F7AED1 /* PetAdoptSampleApp */,
				B915CDE323F0EAB300F7AED1 /* PetAdoptSampleAppTests */,
				B915CDEE23F0EAB300F7AED1 /* PetAdoptSampleAppUITests */,
			);
		};
/* End PBXProject section */

/* Begin PBXResourcesBuildPhase section */
		B915CDC923F0EAAD00F7AED1 /* Resources */ = {
			isa = PBXResourcesBuildPhase;
			buildActionMask = 2147483647;
			files = (
				B915CDDE23F0EAB200F7AED1 /* LaunchScreen.storyboard in Resources */,
				B915CDDB23F0EAB200F7AED1 /* Preview Assets.xcassets in Resources */,
				B915CDD823F0EAB200F7AED1 /* Assets.xcassets in Resources */,
			);
			runOnlyForDeploymentPostprocessing = 0;
		};
		B915CDE223F0EAB300F7AED1 /* Resources */ = {
			isa = PBXResourcesBuildPhase;
			buildActionMask = 2147483647;
			files = (
			);
			runOnlyForDeploymentPostprocessing = 0;
		};
		B915CDED23F0EAB300F7AED1 /* Resources */ = {
			isa = PBXResourcesBuildPhase;
			buildActionMask = 2147483647;
			files = (
			);
			runOnlyForDeploymentPostprocessing = 0;
		};
/* End PBXResourcesBuildPhase section */

/* Begin PBXShellScriptBuildPhase section */
		B929573123F0ED75008F4FE4 /* ShellScript */ = {
			isa = PBXShellScriptBuildPhase;
			buildActionMask = 2147483647;
			files = (
			);
			inputFileListPaths = (
			);
			inputPaths = (
				"$(TARGET_BUILD_DIR)/$(INFOPLIST_PATH)",
				"~/accessTokens/petfinderAccessToken",
			);
			outputFileListPaths = (
			);
			outputPaths = (
			);
			runOnlyForDeploymentPostprocessing = 0;
			shellPath = /bin/sh;
			shellScript = "# Look for a global file named 'petfinderAccessToken' within the home directory\ntoken_file=~/accessTokens/petfinderAccessToken\ntoken=\"$(cat $token_file 2>/dev/null)\"\nif [ \"$token\" ]; then\n  plutil -replace PetfinderAccessToken -string $token \"$TARGET_BUILD_DIR/$INFOPLIST_PATH\"\nelse\n  echo 'warning: Missing Petfinder access token'\n  open 'https://www.petfinder.com/developers/v2/docs/'\n  echo \"warning: Get an access token from <https://www.petfinder.com/developers/v2/docs/>, then create a new file at $token_file that contains the access token.\"\nfi\n";
		};
/* End PBXShellScriptBuildPhase section */

/* Begin PBXSourcesBuildPhase section */
		B915CDC723F0EAAD00F7AED1 /* Sources */ = {
			isa = PBXSourcesBuildPhase;
			buildActionMask = 2147483647;
			files = (
				B915CDD423F0EAAD00F7AED1 /* PetAdoptSampleApp.xcdatamodeld in Sources */,
				B929573A23F0F87F008F4FE4 /* FavoritePetsView.swift in Sources */,
				B915CDCF23F0EAAD00F7AED1 /* AppDelegate.swift in Sources */,
				B915CDD623F0EAAD00F7AED1 /* ContentView.swift in Sources */,
				B999C4F523F75AED0077465F /* PetFinderAPI.swift in Sources */,
				B9BDAEDA265DE40800E97173 /* ImageLoader.swift in Sources */,
				B9BDAED4265DE36200E97173 /* ImageView.swift in Sources */,
				B9BDAED8265DE3F100E97173 /* PetSearchView.swift in Sources */,
				B999C4FE23F89EE60077465F /* Parsing.swift in Sources */,
				B915CDD123F0EAAD00F7AED1 /* SceneDelegate.swift in Sources */,
				B999C4F923F760450077465F /* GetAnimalsResponse.swift in Sources */,
				B999C50223FB24DD0077465F /* AnimalRowViewModel.swift in Sources */,
				B9BDAED2265DE35600E97173 /* AnimalPreviewRow.swift in Sources */,
				B999C4FB23F89A6D0077465F /* PetFinderError.swift in Sources */,
				B999C50023FAF9DB0077465F /* PetSearchViewModel.swift in Sources */,
			);
			runOnlyForDeploymentPostprocessing = 0;
		};
		B915CDE023F0EAB300F7AED1 /* Sources */ = {
			isa = PBXSourcesBuildPhase;
			buildActionMask = 2147483647;
			files = (
				B915CDE923F0EAB300F7AED1 /* PetAdoptSampleAppTests.swift in Sources */,
			);
			runOnlyForDeploymentPostprocessing = 0;
		};
		B915CDEB23F0EAB300F7AED1 /* Sources */ = {
			isa = PBXSourcesBuildPhase;
			buildActionMask = 2147483647;
			files = (
				B915CDF423F0EAB300F7AED1 /* PetAdoptSampleAppUITests.swift in Sources */,
			);
			runOnlyForDeploymentPostprocessing = 0;
		};
/* End PBXSourcesBuildPhase section */

/* Begin PBXTargetDependency section */
		B915CDE623F0EAB300F7AED1 /* PBXTargetDependency */ = {
			isa = PBXTargetDependency;
			target = B915CDCA23F0EAAD00F7AED1 /* PetAdoptSampleApp */;
			targetProxy = B915CDE523F0EAB300F7AED1 /* PBXContainerItemProxy */;
		};
		B915CDF123F0EAB300F7AED1 /* PBXTargetDependency */ = {
			isa = PBXTargetDependency;
			target = B915CDCA23F0EAAD00F7AED1 /* PetAdoptSampleApp */;
			targetProxy = B915CDF023F0EAB300F7AED1 /* PBXContainerItemProxy */;
		};
/* End PBXTargetDependency section */

/* Begin PBXVariantGroup section */
		B915CDDC23F0EAB200F7AED1 /* LaunchScreen.storyboard */ = {
			isa = PBXVariantGroup;
			children = (
				B915CDDD23F0EAB200F7AED1 /* Base */,
			);
			name = LaunchScreen.storyboard;
			sourceTree = "<group>";
		};
/* End PBXVariantGroup section */

/* Begin XCBuildConfiguration section */
		B915CDF623F0EAB300F7AED1 /* Debug */ = {
			isa = XCBuildConfiguration;
			buildSettings = {
				ALWAYS_SEARCH_USER_PATHS = NO;
				CLANG_ANALYZER_NONNULL = YES;
				CLANG_ANALYZER_NUMBER_OBJECT_CONVERSION = YES_AGGRESSIVE;
				CLANG_CXX_LANGUAGE_STANDARD = "gnu++14";
				CLANG_CXX_LIBRARY = "libc++";
				CLANG_ENABLE_MODULES = YES;
				CLANG_ENABLE_OBJC_ARC = YES;
				CLANG_ENABLE_OBJC_WEAK = YES;
				CLANG_WARN_BLOCK_CAPTURE_AUTORELEASING = YES;
				CLANG_WARN_BOOL_CONVERSION = YES;
				CLANG_WARN_COMMA = YES;
				CLANG_WARN_CONSTANT_CONVERSION = YES;
				CLANG_WARN_DEPRECATED_OBJC_IMPLEMENTATIONS = YES;
				CLANG_WARN_DIRECT_OBJC_ISA_USAGE = YES_ERROR;
				CLANG_WARN_DOCUMENTATION_COMMENTS = YES;
				CLANG_WARN_EMPTY_BODY = YES;
				CLANG_WARN_ENUM_CONVERSION = YES;
				CLANG_WARN_INFINITE_RECURSION = YES;
				CLANG_WARN_INT_CONVERSION = YES;
				CLANG_WARN_NON_LITERAL_NULL_CONVERSION = YES;
				CLANG_WARN_OBJC_IMPLICIT_RETAIN_SELF = YES;
				CLANG_WARN_OBJC_LITERAL_CONVERSION = YES;
				CLANG_WARN_OBJC_ROOT_CLASS = YES_ERROR;
				CLANG_WARN_RANGE_LOOP_ANALYSIS = YES;
				CLANG_WARN_STRICT_PROTOTYPES = YES;
				CLANG_WARN_SUSPICIOUS_MOVE = YES;
				CLANG_WARN_UNGUARDED_AVAILABILITY = YES_AGGRESSIVE;
				CLANG_WARN_UNREACHABLE_CODE = YES;
				CLANG_WARN__DUPLICATE_METHOD_MATCH = YES;
				COPY_PHASE_STRIP = NO;
				DEBUG_INFORMATION_FORMAT = dwarf;
				ENABLE_STRICT_OBJC_MSGSEND = YES;
				ENABLE_TESTABILITY = YES;
				GCC_C_LANGUAGE_STANDARD = gnu11;
				GCC_DYNAMIC_NO_PIC = NO;
				GCC_NO_COMMON_BLOCKS = YES;
				GCC_OPTIMIZATION_LEVEL = 0;
				GCC_PREPROCESSOR_DEFINITIONS = (
					"DEBUG=1",
					"$(inherited)",
				);
				GCC_WARN_64_TO_32_BIT_CONVERSION = YES;
				GCC_WARN_ABOUT_RETURN_TYPE = YES_ERROR;
				GCC_WARN_UNDECLARED_SELECTOR = YES;
				GCC_WARN_UNINITIALIZED_AUTOS = YES_AGGRESSIVE;
				GCC_WARN_UNUSED_FUNCTION = YES;
				GCC_WARN_UNUSED_VARIABLE = YES;
				IPHONEOS_DEPLOYMENT_TARGET = 13.2;
				MTL_ENABLE_DEBUG_INFO = INCLUDE_SOURCE;
				MTL_FAST_MATH = YES;
				ONLY_ACTIVE_ARCH = YES;
				SDKROOT = iphoneos;
				SWIFT_ACTIVE_COMPILATION_CONDITIONS = DEBUG;
				SWIFT_OPTIMIZATION_LEVEL = "-Onone";
			};
			name = Debug;
		};
		B915CDF723F0EAB300F7AED1 /* Release */ = {
			isa = XCBuildConfiguration;
			buildSettings = {
				ALWAYS_SEARCH_USER_PATHS = NO;
				CLANG_ANALYZER_NONNULL = YES;
				CLANG_ANALYZER_NUMBER_OBJECT_CONVERSION = YES_AGGRESSIVE;
				CLANG_CXX_LANGUAGE_STANDARD = "gnu++14";
				CLANG_CXX_LIBRARY = "libc++";
				CLANG_ENABLE_MODULES = YES;
				CLANG_ENABLE_OBJC_ARC = YES;
				CLANG_ENABLE_OBJC_WEAK = YES;
				CLANG_WARN_BLOCK_CAPTURE_AUTORELEASING = YES;
				CLANG_WARN_BOOL_CONVERSION = YES;
				CLANG_WARN_COMMA = YES;
				CLANG_WARN_CONSTANT_CONVERSION = YES;
				CLANG_WARN_DEPRECATED_OBJC_IMPLEMENTATIONS = YES;
				CLANG_WARN_DIRECT_OBJC_ISA_USAGE = YES_ERROR;
				CLANG_WARN_DOCUMENTATION_COMMENTS = YES;
				CLANG_WARN_EMPTY_BODY = YES;
				CLANG_WARN_ENUM_CONVERSION = YES;
				CLANG_WARN_INFINITE_RECURSION = YES;
				CLANG_WARN_INT_CONVERSION = YES;
				CLANG_WARN_NON_LITERAL_NULL_CONVERSION = YES;
				CLANG_WARN_OBJC_IMPLICIT_RETAIN_SELF = YES;
				CLANG_WARN_OBJC_LITERAL_CONVERSION = YES;
				CLANG_WARN_OBJC_ROOT_CLASS = YES_ERROR;
				CLANG_WARN_RANGE_LOOP_ANALYSIS = YES;
				CLANG_WARN_STRICT_PROTOTYPES = YES;
				CLANG_WARN_SUSPICIOUS_MOVE = YES;
				CLANG_WARN_UNGUARDED_AVAILABILITY = YES_AGGRESSIVE;
				CLANG_WARN_UNREACHABLE_CODE = YES;
				CLANG_WARN__DUPLICATE_METHOD_MATCH = YES;
				COPY_PHASE_STRIP = NO;
				DEBUG_INFORMATION_FORMAT = "dwarf-with-dsym";
				ENABLE_NS_ASSERTIONS = NO;
				ENABLE_STRICT_OBJC_MSGSEND = YES;
				GCC_C_LANGUAGE_STANDARD = gnu11;
				GCC_NO_COMMON_BLOCKS = YES;
				GCC_WARN_64_TO_32_BIT_CONVERSION = YES;
				GCC_WARN_ABOUT_RETURN_TYPE = YES_ERROR;
				GCC_WARN_UNDECLARED_SELECTOR = YES;
				GCC_WARN_UNINITIALIZED_AUTOS = YES_AGGRESSIVE;
				GCC_WARN_UNUSED_FUNCTION = YES;
				GCC_WARN_UNUSED_VARIABLE = YES;
				IPHONEOS_DEPLOYMENT_TARGET = 13.2;
				MTL_ENABLE_DEBUG_INFO = NO;
				MTL_FAST_MATH = YES;
				SDKROOT = iphoneos;
				SWIFT_COMPILATION_MODE = wholemodule;
				SWIFT_OPTIMIZATION_LEVEL = "-O";
				VALIDATE_PRODUCT = YES;
			};
			name = Release;
		};
		B915CDF923F0EAB300F7AED1 /* Debug */ = {
			isa = XCBuildConfiguration;
			buildSettings = {
				ASSETCATALOG_COMPILER_APPICON_NAME = AppIcon;
				CODE_SIGN_STYLE = Automatic;
				DEVELOPMENT_ASSET_PATHS = "\"PetAdoptSampleApp/Preview Content\"";
				DEVELOPMENT_TEAM = M534J7BM7R;
				ENABLE_PREVIEWS = YES;
				INFOPLIST_FILE = PetfinderSampleApp/Info.plist;
				LD_RUNPATH_SEARCH_PATHS = (
					"$(inherited)",
					"@executable_path/Frameworks",
				);
				PRODUCT_BUNDLE_IDENTIFIER = laurenyew.PetAdoptSampleApp;
				PRODUCT_NAME = "$(TARGET_NAME)";
				SWIFT_VERSION = 5.0;
				TARGETED_DEVICE_FAMILY = "1,2";
			};
			name = Debug;
		};
		B915CDFA23F0EAB300F7AED1 /* Release */ = {
			isa = XCBuildConfiguration;
			buildSettings = {
				ASSETCATALOG_COMPILER_APPICON_NAME = AppIcon;
				CODE_SIGN_STYLE = Automatic;
				DEVELOPMENT_ASSET_PATHS = "\"PetAdoptSampleApp/Preview Content\"";
				DEVELOPMENT_TEAM = M534J7BM7R;
				ENABLE_PREVIEWS = YES;
				INFOPLIST_FILE = PetfinderSampleApp/Info.plist;
				LD_RUNPATH_SEARCH_PATHS = (
					"$(inherited)",
					"@executable_path/Frameworks",
				);
				PRODUCT_BUNDLE_IDENTIFIER = laurenyew.PetAdoptSampleApp;
				PRODUCT_NAME = "$(TARGET_NAME)";
				SWIFT_VERSION = 5.0;
				TARGETED_DEVICE_FAMILY = "1,2";
			};
			name = Release;
		};
		B915CDFC23F0EAB300F7AED1 /* Debug */ = {
			isa = XCBuildConfiguration;
			buildSettings = {
				ALWAYS_EMBED_SWIFT_STANDARD_LIBRARIES = YES;
				BUNDLE_LOADER = "$(TEST_HOST)";
				CODE_SIGN_STYLE = Automatic;
				DEVELOPMENT_TEAM = M534J7BM7R;
				INFOPLIST_FILE = PetfinderSampleAppTests/Info.plist;
				IPHONEOS_DEPLOYMENT_TARGET = 13.2;
				LD_RUNPATH_SEARCH_PATHS = (
					"$(inherited)",
					"@executable_path/Frameworks",
					"@loader_path/Frameworks",
				);
				PRODUCT_BUNDLE_IDENTIFIER = laurenyew.PetfinderSampleAppTests;
				PRODUCT_NAME = "$(TARGET_NAME)";
				SWIFT_VERSION = 5.0;
				TARGETED_DEVICE_FAMILY = "1,2";
				TEST_HOST = "$(BUILT_PRODUCTS_DIR)/PetAdoptSampleApp.app/PetAdoptSampleApp";
			};
			name = Debug;
		};
		B915CDFD23F0EAB300F7AED1 /* Release */ = {
			isa = XCBuildConfiguration;
			buildSettings = {
				ALWAYS_EMBED_SWIFT_STANDARD_LIBRARIES = YES;
				BUNDLE_LOADER = "$(TEST_HOST)";
				CODE_SIGN_STYLE = Automatic;
				DEVELOPMENT_TEAM = M534J7BM7R;
				INFOPLIST_FILE = PetfinderSampleAppTests/Info.plist;
				IPHONEOS_DEPLOYMENT_TARGET = 13.2;
				LD_RUNPATH_SEARCH_PATHS = (
					"$(inherited)",
					"@executable_path/Frameworks",
					"@loader_path/Frameworks",
				);
				PRODUCT_BUNDLE_IDENTIFIER = laurenyew.PetfinderSampleAppTests;
				PRODUCT_NAME = "$(TARGET_NAME)";
				SWIFT_VERSION = 5.0;
				TARGETED_DEVICE_FAMILY = "1,2";
				TEST_HOST = "$(BUILT_PRODUCTS_DIR)/PetAdoptSampleApp.app/PetAdoptSampleApp";
			};
			name = Release;
		};
		B915CDFF23F0EAB300F7AED1 /* Debug */ = {
			isa = XCBuildConfiguration;
			buildSettings = {
				ALWAYS_EMBED_SWIFT_STANDARD_LIBRARIES = YES;
				CODE_SIGN_STYLE = Automatic;
				DEVELOPMENT_TEAM = M534J7BM7R;
				INFOPLIST_FILE = PetfinderSampleAppUITests/Info.plist;
				LD_RUNPATH_SEARCH_PATHS = (
					"$(inherited)",
					"@executable_path/Frameworks",
					"@loader_path/Frameworks",
				);
				PRODUCT_BUNDLE_IDENTIFIER = laurenyew.PetfinderSampleAppUITests;
				PRODUCT_NAME = "$(TARGET_NAME)";
				SWIFT_VERSION = 5.0;
				TARGETED_DEVICE_FAMILY = "1,2";
				TEST_TARGET_NAME = PetfinderSampleApp;
			};
			name = Debug;
		};
		B915CE0023F0EAB300F7AED1 /* Release */ = {
			isa = XCBuildConfiguration;
			buildSettings = {
				ALWAYS_EMBED_SWIFT_STANDARD_LIBRARIES = YES;
				CODE_SIGN_STYLE = Automatic;
				DEVELOPMENT_TEAM = M534J7BM7R;
				INFOPLIST_FILE = PetfinderSampleAppUITests/Info.plist;
				LD_RUNPATH_SEARCH_PATHS = (
					"$(inherited)",
					"@executable_path/Frameworks",
					"@loader_path/Frameworks",
				);
				PRODUCT_BUNDLE_IDENTIFIER = laurenyew.PetfinderSampleAppUITests;
				PRODUCT_NAME = "$(TARGET_NAME)";
				SWIFT_VERSION = 5.0;
				TARGETED_DEVICE_FAMILY = "1,2";
				TEST_TARGET_NAME = PetfinderSampleApp;
			};
			name = Release;
		};
/* End XCBuildConfiguration section */

/* Begin XCConfigurationList section */
		B915CDC623F0EAAD00F7AED1 /* Build configuration list for PBXProject "PetAdoptSampleApp" */ = {
			isa = XCConfigurationList;
			buildConfigurations = (
				B915CDF623F0EAB300F7AED1 /* Debug */,
				B915CDF723F0EAB300F7AED1 /* Release */,
			);
			defaultConfigurationIsVisible = 0;
			defaultConfigurationName = Release;
		};
		B915CDF823F0EAB300F7AED1 /* Build configuration list for PBXNativeTarget "PetAdoptSampleApp" */ = {
			isa = XCConfigurationList;
			buildConfigurations = (
				B915CDF923F0EAB300F7AED1 /* Debug */,
				B915CDFA23F0EAB300F7AED1 /* Release */,
			);
			defaultConfigurationIsVisible = 0;
			defaultConfigurationName = Release;
		};
		B915CDFB23F0EAB300F7AED1 /* Build configuration list for PBXNativeTarget "PetAdoptSampleAppTests" */ = {
			isa = XCConfigurationList;
			buildConfigurations = (
				B915CDFC23F0EAB300F7AED1 /* Debug */,
				B915CDFD23F0EAB300F7AED1 /* Release */,
			);
			defaultConfigurationIsVisible = 0;
			defaultConfigurationName = Release;
		};
		B915CDFE23F0EAB300F7AED1 /* Build configuration list for PBXNativeTarget "PetAdoptSampleAppUITests" */ = {
			isa = XCConfigurationList;
			buildConfigurations = (
				B915CDFF23F0EAB300F7AED1 /* Debug */,
				B915CE0023F0EAB300F7AED1 /* Release */,
			);
			defaultConfigurationIsVisible = 0;
			defaultConfigurationName = Release;
		};
/* End XCConfigurationList section */

/* Begin XCVersionGroup section */
		B915CDD223F0EAAD00F7AED1 /* PetAdoptSampleApp.xcdatamodeld */ = {
			isa = XCVersionGroup;
			children = (
				B915CDD323F0EAAD00F7AED1 /* PetfinderSampleApp.xcdatamodel */,
			);
			currentVersion = B915CDD323F0EAAD00F7AED1 /* PetfinderSampleApp.xcdatamodel */;
			path = PetAdoptSampleApp.xcdatamodeld;
			sourceTree = "<group>";
			versionGroupType = wrapper.xcdatamodel;
		};
/* End XCVersionGroup section */
	};
	rootObject = B915CDC323F0EAAD00F7AED1 /* Project object */;
}
